
Microsoft Visual Studio Solution File, Format Version 12.00
# Visual Studio Version 16
VisualStudioVersion = 16.0.31025.194
MinimumVisualStudioVersion = 10.0.40219.1
Project("{FAE04EC0-301F-11D3-BF4B-00C04F79EFBC}") = "Employee_Crud", "Employee_Crud.csproj", "{930925C3-628B-4FFB-9B3C-94C4BC51ED7A}"
EndProject
Global
	GlobalSection(SolutionConfigurationPlatforms) = preSolution
		Debug|Any CPU = Debug|Any CPU
		Release|Any CPU = Release|Any CPU
	EndGlobalSection
	GlobalSection(ProjectConfigurationPlatforms) = postSolution
		{930925C3-628B-4FFB-9B3C-94C4BC51ED7A}.Debug|Any CPU.ActiveCfg = Debug|Any CPU
		{930925C3-628B-4FFB-9B3C-94C4BC51ED7A}.Debug|Any CPU.Build.0 = Debug|Any CPU
		{930925C3-628B-4FFB-9B3C-94C4BC51ED7A}.Release|Any CPU.ActiveCfg = Release|Any CPU
		{930925C3-628B-4FFB-9B3C-94C4BC51ED7A}.Release|Any CPU.Build.0 = Release|Any CPU
	EndGlobalSection
	GlobalSection(SolutionProperties) = preSolution
		HideSolutionNode = FALSE
	EndGlobalSection
	GlobalSection(ExtensibilityGlobals) = postSolution
		SolutionGuid = {FD128F78-1FEC-4F54-A6E6-B98B3C07530D}
	EndGlobalSection
EndGlobal
